
Microsoft Visual Studio Solution File, Format Version 12.00
# Visual Studio Version 16
VisualStudioVersion = 16.0.31727.386
MinimumVisualStudioVersion = 10.0.40219.1
Project("{FAE04EC0-301F-11D3-BF4B-00C04F79EFBC}") = "Laba_CryptoCurrency", "Laba_CryptoCurrency\Laba_CryptoCurrency.csproj", "{13B537BA-DE29-4DFC-BBEB-80C71414FBF9}"
EndProject
Global
	GlobalSection(SolutionConfigurationPlatforms) = preSolution
		Debug|Any CPU = Debug|Any CPU
		Release|Any CPU = Release|Any CPU
	EndGlobalSection
	GlobalSection(ProjectConfigurationPlatforms) = postSolution
		{13B537BA-DE29-4DFC-BBEB-80C71414FBF9}.Debug|Any CPU.ActiveCfg = Debug|Any CPU
		{13B537BA-DE29-4DFC-BBEB-80C71414FBF9}.Debug|Any CPU.Build.0 = Debug|Any CPU
		{13B537BA-DE29-4DFC-BBEB-80C71414FBF9}.Release|Any CPU.ActiveCfg = Release|Any CPU
		{13B537BA-DE29-4DFC-BBEB-80C71414FBF9}.Release|Any CPU.Build.0 = Release|Any CPU
	EndGlobalSection
	GlobalSection(SolutionProperties) = preSolution
		HideSolutionNode = FALSE
	EndGlobalSection
	GlobalSection(ExtensibilityGlobals) = postSolution
		SolutionGuid = {7F2BA6BF-327C-46FB-B6A1-7490340B41B2}
	EndGlobalSection
EndGlobal
